
Microsoft Visual Studio Solution File, Format Version 12.00
# Visual Studio Version 16
VisualStudioVersion = 16.0.31025.194
MinimumVisualStudioVersion = 10.0.40219.1
Project("{FAE04EC0-301F-11D3-BF4B-00C04F79EFBC}") = "LineComparision", "LineComparision\LineComparision.csproj", "{DE667108-D751-4E39-83B9-ABD86D8AE16F}"
EndProject
Global
	GlobalSection(SolutionConfigurationPlatforms) = preSolution
		Debug|Any CPU = Debug|Any CPU
		Release|Any CPU = Release|Any CPU
	EndGlobalSection
	GlobalSection(ProjectConfigurationPlatforms) = postSolution
		{DE667108-D751-4E39-83B9-ABD86D8AE16F}.Debug|Any CPU.ActiveCfg = Debug|Any CPU
		{DE667108-D751-4E39-83B9-ABD86D8AE16F}.Debug|Any CPU.Build.0 = Debug|Any CPU
		{DE667108-D751-4E39-83B9-ABD86D8AE16F}.Release|Any CPU.ActiveCfg = Release|Any CPU
		{DE667108-D751-4E39-83B9-ABD86D8AE16F}.Release|Any CPU.Build.0 = Release|Any CPU
	EndGlobalSection
	GlobalSection(SolutionProperties) = preSolution
		HideSolutionNode = FALSE
	EndGlobalSection
	GlobalSection(ExtensibilityGlobals) = postSolution
		SolutionGuid = {62C693BE-5492-44F1-9ACE-60660CE4C6B3}
	EndGlobalSection
EndGlobal
